
Microsoft Visual Studio Solution File, Format Version 12.00
# Visual Studio Version 16
VisualStudioVersion = 25.0.1703.0
MinimumVisualStudioVersion = 10.0.40219.1
Project("{FAE04EC0-301F-11D3-BF4B-00C04F79EFBC}") = "YADE", "YADE.csproj", "{A213F25C-1DDE-48FE-A562-55AD05FBC495}"
EndProject
Global
	GlobalSection(SolutionConfigurationPlatforms) = preSolution
		Debug|Any CPU = Debug|Any CPU
		Release|Any CPU = Release|Any CPU
	EndGlobalSection
	GlobalSection(ProjectConfigurationPlatforms) = postSolution
		{A213F25C-1DDE-48FE-A562-55AD05FBC495}.Debug|Any CPU.ActiveCfg = Debug|Any CPU
		{A213F25C-1DDE-48FE-A562-55AD05FBC495}.Debug|Any CPU.Build.0 = Debug|Any CPU
		{A213F25C-1DDE-48FE-A562-55AD05FBC495}.Release|Any CPU.ActiveCfg = Release|Any CPU
		{A213F25C-1DDE-48FE-A562-55AD05FBC495}.Release|Any CPU.Build.0 = Release|Any CPU
	EndGlobalSection
	GlobalSection(SolutionProperties) = preSolution
		HideSolutionNode = FALSE
	EndGlobalSection
	GlobalSection(ExtensibilityGlobals) = postSolution
		SolutionGuid = {BB3B39E0-4A06-4A96-972A-C3463E6DFD1C}
	EndGlobalSection
EndGlobal
